
Microsoft Visual Studio Solution File, Format Version 12.00
# Visual Studio Version 17
VisualStudioVersion = 17.8.34511.84
MinimumVisualStudioVersion = 10.0.40219.1
Project("{FAE04EC0-301F-11D3-BF4B-00C04F79EFBC}") = "Listas", "Listas\Listas.csproj", "{87833098-D240-4E83-BA16-3955719BAF6C}"
EndProject
Global
	GlobalSection(SolutionConfigurationPlatforms) = preSolution
		Debug|Any CPU = Debug|Any CPU
		Release|Any CPU = Release|Any CPU
	EndGlobalSection
	GlobalSection(ProjectConfigurationPlatforms) = postSolution
		{87833098-D240-4E83-BA16-3955719BAF6C}.Debug|Any CPU.ActiveCfg = Debug|Any CPU
		{87833098-D240-4E83-BA16-3955719BAF6C}.Debug|Any CPU.Build.0 = Debug|Any CPU
		{87833098-D240-4E83-BA16-3955719BAF6C}.Release|Any CPU.ActiveCfg = Release|Any CPU
		{87833098-D240-4E83-BA16-3955719BAF6C}.Release|Any CPU.Build.0 = Release|Any CPU
	EndGlobalSection
	GlobalSection(SolutionProperties) = preSolution
		HideSolutionNode = FALSE
	EndGlobalSection
	GlobalSection(ExtensibilityGlobals) = postSolution
		SolutionGuid = {D53D229E-C3DC-4F44-8D75-4FFACA105B35}
	EndGlobalSection
EndGlobal
